// !$*UTF8*$!
{
	archiveVersion = 1;
	classes = {
	};
	objectVersion = 46;
	objects = {

/* Begin PBXGroup section */
		5C5545FF1C3EDA3900744D7C = {
			isa = PBXGroup;
			children = (
			);
			sourceTree = "<group>";
		};
/* End PBXGroup section */

/* Begin PBXProject section */
		5C5546001C3EDA3900744D7C /* Project object */ = {
			isa = PBXProject;
			attributes = {
				LastUpgradeCheck = 0720;
			};
			buildConfigurationList = 5C5546031C3EDA3900744D7C /* Build configuration list for PBXProject "Injector" */;
			compatibilityVersion = "Xcode 3.2";
			developmentRegion = English;
			hasScannedForEncodings = 0;
			knownRegions = (
				en,
			);
			mainGroup = 5C5545FF1C3EDA3900744D7C;
			projectDirPath = "";
			projectRoot = "";
			targets = (
			);
		};
/* End PBXProject section */

/* Begin XCBuildConfiguration section */
		5C5546041C3EDA3900744D7C /* Debug */ = {
			isa = XCBuildConfiguration;
			buildSettings = {
			};
			name = Debug;
		};
		5C5546051C3EDA3900744D7C /* Release */ = {
			isa = XCBuildConfiguration;
			buildSettings = {
			};
			name = Release;
		};
/* End XCBuildConfiguration section */

/* Begin XCConfigurationList section */
		5C5546031C3EDA3900744D7C /* Build configuration list for PBXProject "Injector" */ = {
			isa = XCConfigurationList;
			buildConfigurations = (
				5C5546041C3EDA3900744D7C /* Debug */,
				5C5546051C3EDA3900744D7C /* Release */,
			);
			defaultConfigurationIsVisible = 0;
			defaultConfigurationName = Release;
		};
/* End XCConfigurationList section */
	};
	rootObject = 5C5546001C3EDA3900744D7C /* Project object */;
}
